
Microsoft Visual Studio Solution File, Format Version 12.00
# Visual Studio 15
VisualStudioVersion = 15.0.27703.2035
MinimumVisualStudioVersion = 10.0.40219.1
Project("{FAE04EC0-301F-11D3-BF4B-00C04F79EFBC}") = "ForKodisoft", "ForKodisoft\ForKodisoft.csproj", "{15B774FA-E56E-4D60-BF70-E074755DF7AB}"
EndProject
Project("{FAE04EC0-301F-11D3-BF4B-00C04F79EFBC}") = "BLL", "BLL\BLL.csproj", "{C3633133-BCC4-468A-8CFE-4D5CBFEC563E}"
EndProject
Project("{FAE04EC0-301F-11D3-BF4B-00C04F79EFBC}") = "DAL", "DAL\DAL.csproj", "{E891481C-D805-47E7-B223-ABE6E37D15FD}"
EndProject
Project("{FAE04EC0-301F-11D3-BF4B-00C04F79EFBC}") = "FuncTests", "FuncTests\FuncTests.csproj", "{7463D622-C79B-4658-AD6E-B740FACCD77A}"
EndProject
Project("{FAE04EC0-301F-11D3-BF4B-00C04F79EFBC}") = "UI", "UI\UI.csproj", "{44F73C08-BD92-4FCA-AF33-F7098621AC00}"
EndProject
Global
	GlobalSection(SolutionConfigurationPlatforms) = preSolution
		Debug|Any CPU = Debug|Any CPU
		Release|Any CPU = Release|Any CPU
	EndGlobalSection
	GlobalSection(ProjectConfigurationPlatforms) = postSolution
		{15B774FA-E56E-4D60-BF70-E074755DF7AB}.Debug|Any CPU.ActiveCfg = Debug|Any CPU
		{15B774FA-E56E-4D60-BF70-E074755DF7AB}.Debug|Any CPU.Build.0 = Debug|Any CPU
		{15B774FA-E56E-4D60-BF70-E074755DF7AB}.Release|Any CPU.ActiveCfg = Release|Any CPU
		{15B774FA-E56E-4D60-BF70-E074755DF7AB}.Release|Any CPU.Build.0 = Release|Any CPU
		{C3633133-BCC4-468A-8CFE-4D5CBFEC563E}.Debug|Any CPU.ActiveCfg = Debug|Any CPU
		{C3633133-BCC4-468A-8CFE-4D5CBFEC563E}.Debug|Any CPU.Build.0 = Debug|Any CPU
		{C3633133-BCC4-468A-8CFE-4D5CBFEC563E}.Release|Any CPU.ActiveCfg = Release|Any CPU
		{C3633133-BCC4-468A-8CFE-4D5CBFEC563E}.Release|Any CPU.Build.0 = Release|Any CPU
		{E891481C-D805-47E7-B223-ABE6E37D15FD}.Debug|Any CPU.ActiveCfg = Debug|Any CPU
		{E891481C-D805-47E7-B223-ABE6E37D15FD}.Debug|Any CPU.Build.0 = Debug|Any CPU
		{E891481C-D805-47E7-B223-ABE6E37D15FD}.Release|Any CPU.ActiveCfg = Release|Any CPU
		{E891481C-D805-47E7-B223-ABE6E37D15FD}.Release|Any CPU.Build.0 = Release|Any CPU
		{7463D622-C79B-4658-AD6E-B740FACCD77A}.Debug|Any CPU.ActiveCfg = Debug|Any CPU
		{7463D622-C79B-4658-AD6E-B740FACCD77A}.Debug|Any CPU.Build.0 = Debug|Any CPU
		{7463D622-C79B-4658-AD6E-B740FACCD77A}.Release|Any CPU.ActiveCfg = Release|Any CPU
		{7463D622-C79B-4658-AD6E-B740FACCD77A}.Release|Any CPU.Build.0 = Release|Any CPU
		{44F73C08-BD92-4FCA-AF33-F7098621AC00}.Debug|Any CPU.ActiveCfg = Debug|Any CPU
		{44F73C08-BD92-4FCA-AF33-F7098621AC00}.Debug|Any CPU.Build.0 = Debug|Any CPU
		{44F73C08-BD92-4FCA-AF33-F7098621AC00}.Release|Any CPU.ActiveCfg = Release|Any CPU
		{44F73C08-BD92-4FCA-AF33-F7098621AC00}.Release|Any CPU.Build.0 = Release|Any CPU
	EndGlobalSection
	GlobalSection(SolutionProperties) = preSolution
		HideSolutionNode = FALSE
	EndGlobalSection
	GlobalSection(ExtensibilityGlobals) = postSolution
		SolutionGuid = {47053B0E-76C6-47AF-828B-C5BFB8A80E38}
	EndGlobalSection
EndGlobal
